
Microsoft Visual Studio Solution File, Format Version 12.00
# Visual Studio Version 16
VisualStudioVersion = 16.0.31005.135
MinimumVisualStudioVersion = 10.0.40219.1
Project("{9A19103F-16F7-4668-BE54-9A1E7A4F7556}") = "tree-matching-csharp", "..\..\..\..\source\repos\lssol\sftm-csharp\tree-matching-csharp\tree-matching-csharp.csproj", "{CDA656CF-D07F-41DA-938D-972DBFF2DF9D}"
EndProject
Project("{FAE04EC0-301F-11D3-BF4B-00C04F79EFBC}") = "TestSFTM", "TestSFTM\TestSFTM.csproj", "{C13366FC-8634-485D-BEC8-FFCD7D0E0D27}"
EndProject
Project("{9A19103F-16F7-4668-BE54-9A1E7A4F7556}") = "tree-matching-csharp.Benchmark", "..\..\..\..\source\repos\lssol\sftm-csharp\tree-matching-csharp.Benchmark\tree-matching-csharp.Benchmark.csproj", "{0743F2BA-BCF1-4492-B75A-15AD1605B1CD}"
EndProject
Global
	GlobalSection(SolutionConfigurationPlatforms) = preSolution
		Debug|Any CPU = Debug|Any CPU
		Release|Any CPU = Release|Any CPU
	EndGlobalSection
	GlobalSection(ProjectConfigurationPlatforms) = postSolution
		{CDA656CF-D07F-41DA-938D-972DBFF2DF9D}.Debug|Any CPU.ActiveCfg = Debug|Any CPU
		{CDA656CF-D07F-41DA-938D-972DBFF2DF9D}.Debug|Any CPU.Build.0 = Debug|Any CPU
		{CDA656CF-D07F-41DA-938D-972DBFF2DF9D}.Release|Any CPU.ActiveCfg = Release|Any CPU
		{CDA656CF-D07F-41DA-938D-972DBFF2DF9D}.Release|Any CPU.Build.0 = Release|Any CPU
		{C13366FC-8634-485D-BEC8-FFCD7D0E0D27}.Debug|Any CPU.ActiveCfg = Debug|Any CPU
		{C13366FC-8634-485D-BEC8-FFCD7D0E0D27}.Debug|Any CPU.Build.0 = Debug|Any CPU
		{C13366FC-8634-485D-BEC8-FFCD7D0E0D27}.Release|Any CPU.ActiveCfg = Release|Any CPU
		{C13366FC-8634-485D-BEC8-FFCD7D0E0D27}.Release|Any CPU.Build.0 = Release|Any CPU
		{0743F2BA-BCF1-4492-B75A-15AD1605B1CD}.Debug|Any CPU.ActiveCfg = Debug|Any CPU
		{0743F2BA-BCF1-4492-B75A-15AD1605B1CD}.Debug|Any CPU.Build.0 = Debug|Any CPU
		{0743F2BA-BCF1-4492-B75A-15AD1605B1CD}.Release|Any CPU.ActiveCfg = Release|Any CPU
		{0743F2BA-BCF1-4492-B75A-15AD1605B1CD}.Release|Any CPU.Build.0 = Release|Any CPU
	EndGlobalSection
	GlobalSection(SolutionProperties) = preSolution
		HideSolutionNode = FALSE
	EndGlobalSection
	GlobalSection(ExtensibilityGlobals) = postSolution
		SolutionGuid = {3A0322F7-FC2C-4D94-A80B-74B7E5D97B11}
	EndGlobalSection
EndGlobal
